// !$*UTF8*$!
{
	archiveVersion = 1;
	classes = {
	};
	objectVersion = 55;
	objects = {

/* Begin PBXBuildFile section */
		07C1E92328DA414500EF28B8 /* AppDelegate.swift in Sources */ = {isa = PBXBuildFile; fileRef = 07C1E92228DA414500EF28B8 /* AppDelegate.swift */; };
		07C1E92528DA414500EF28B8 /* SceneDelegate.swift in Sources */ = {isa = PBXBuildFile; fileRef = 07C1E92428DA414500EF28B8 /* SceneDelegate.swift */; };
		07C1E92728DA414500EF28B8 /* ViewController.swift in Sources */ = {isa = PBXBuildFile; fileRef = 07C1E92628DA414500EF28B8 /* ViewController.swift */; };
		07C1E92A28DA414500EF28B8 /* Main.storyboard in Resources */ = {isa = PBXBuildFile; fileRef = 07C1E92828DA414500EF28B8 /* Main.storyboard */; };
		07C1E92C28DA414600EF28B8 /* Assets.xcassets in Resources */ = {isa = PBXBuildFile; fileRef = 07C1E92B28DA414600EF28B8 /* Assets.xcassets */; };
		07C1E92F28DA414600EF28B8 /* LaunchScreen.storyboard in Resources */ = {isa = PBXBuildFile; fileRef = 07C1E92D28DA414600EF28B8 /* LaunchScreen.storyboard */; };
		07C1E93828DA43D100EF28B8 /* WeatherResult.swift in Sources */ = {isa = PBXBuildFile; fileRef = 07C1E93728DA43D100EF28B8 /* WeatherResult.swift */; };
		07C1E93B28DA449D00EF28B8 /* RxCocoa in Frameworks */ = {isa = PBXBuildFile; productRef = 07C1E93A28DA449D00EF28B8 /* RxCocoa */; };
		07C1E93D28DA449D00EF28B8 /* RxSwift in Frameworks */ = {isa = PBXBuildFile; productRef = 07C1E93C28DA449D00EF28B8 /* RxSwift */; };
		07C1E94028DA45F700EF28B8 /* URLRequest+Extensions.swift in Sources */ = {isa = PBXBuildFile; fileRef = 07C1E93F28DA45F700EF28B8 /* URLRequest+Extensions.swift */; };
		07C1E94228DCED8E00EF28B8 /* URL+Extension.swift in Sources */ = {isa = PBXBuildFile; fileRef = 07C1E94128DCED8E00EF28B8 /* URL+Extension.swift */; };
/* End PBXBuildFile section */

/* Begin PBXFileReference section */
		07C1E91F28DA414500EF28B8 /* GoodWeather.app */ = {isa = PBXFileReference; explicitFileType = wrapper.application; includeInIndex = 0; path = GoodWeather.app; sourceTree = BUILT_PRODUCTS_DIR; };
		07C1E92228DA414500EF28B8 /* AppDelegate.swift */ = {isa = PBXFileReference; lastKnownFileType = sourcecode.swift; path = AppDelegate.swift; sourceTree = "<group>"; };
		07C1E92428DA414500EF28B8 /* SceneDelegate.swift */ = {isa = PBXFileReference; lastKnownFileType = sourcecode.swift; path = SceneDelegate.swift; sourceTree = "<group>"; };
		07C1E92628DA414500EF28B8 /* ViewController.swift */ = {isa = PBXFileReference; lastKnownFileType = sourcecode.swift; path = ViewController.swift; sourceTree = "<group>"; };
		07C1E92928DA414500EF28B8 /* Base */ = {isa = PBXFileReference; lastKnownFileType = file.storyboard; name = Base; path = Base.lproj/Main.storyboard; sourceTree = "<group>"; };
		07C1E92B28DA414600EF28B8 /* Assets.xcassets */ = {isa = PBXFileReference; lastKnownFileType = folder.assetcatalog; path = Assets.xcassets; sourceTree = "<group>"; };
		07C1E92E28DA414600EF28B8 /* Base */ = {isa = PBXFileReference; lastKnownFileType = file.storyboard; name = Base; path = Base.lproj/LaunchScreen.storyboard; sourceTree = "<group>"; };
		07C1E93028DA414600EF28B8 /* Info.plist */ = {isa = PBXFileReference; lastKnownFileType = text.plist.xml; path = Info.plist; sourceTree = "<group>"; };
		07C1E93728DA43D100EF28B8 /* WeatherResult.swift */ = {isa = PBXFileReference; lastKnownFileType = sourcecode.swift; path = WeatherResult.swift; sourceTree = "<group>"; };
		07C1E93F28DA45F700EF28B8 /* URLRequest+Extensions.swift */ = {isa = PBXFileReference; lastKnownFileType = sourcecode.swift; path = "URLRequest+Extensions.swift"; sourceTree = "<group>"; };
		07C1E94128DCED8E00EF28B8 /* URL+Extension.swift */ = {isa = PBXFileReference; lastKnownFileType = sourcecode.swift; path = "URL+Extension.swift"; sourceTree = "<group>"; };
/* End PBXFileReference section */

/* Begin PBXFrameworksBuildPhase section */
		07C1E91C28DA414400EF28B8 /* Frameworks */ = {
			isa = PBXFrameworksBuildPhase;
			buildActionMask = 2147483647;
			files = (
				07C1E93D28DA449D00EF28B8 /* RxSwift in Frameworks */,
				07C1E93B28DA449D00EF28B8 /* RxCocoa in Frameworks */,
			);
			runOnlyForDeploymentPostprocessing = 0;
		};
/* End PBXFrameworksBuildPhase section */

/* Begin PBXGroup section */
		07C1E91628DA414400EF28B8 = {
			isa = PBXGroup;
			children = (
				07C1E92128DA414500EF28B8 /* GoodWeather */,
				07C1E92028DA414500EF28B8 /* Products */,
			);
			sourceTree = "<group>";
		};
		07C1E92028DA414500EF28B8 /* Products */ = {
			isa = PBXGroup;
			children = (
				07C1E91F28DA414500EF28B8 /* GoodWeather.app */,
			);
			name = Products;
			sourceTree = "<group>";
		};
		07C1E92128DA414500EF28B8 /* GoodWeather */ = {
			isa = PBXGroup;
			children = (
				07C1E93E28DA45DE00EF28B8 /* Extensions */,
				07C1E93628DA43C500EF28B8 /* Models */,
				07C1E92228DA414500EF28B8 /* AppDelegate.swift */,
				07C1E92428DA414500EF28B8 /* SceneDelegate.swift */,
				07C1E92628DA414500EF28B8 /* ViewController.swift */,
				07C1E92828DA414500EF28B8 /* Main.storyboard */,
				07C1E92B28DA414600EF28B8 /* Assets.xcassets */,
				07C1E92D28DA414600EF28B8 /* LaunchScreen.storyboard */,
				07C1E93028DA414600EF28B8 /* Info.plist */,
			);
			path = GoodWeather;
			sourceTree = "<group>";
		};
		07C1E93628DA43C500EF28B8 /* Models */ = {
			isa = PBXGroup;
			children = (
				07C1E93728DA43D100EF28B8 /* WeatherResult.swift */,
			);
			path = Models;
			sourceTree = "<group>";
		};
		07C1E93E28DA45DE00EF28B8 /* Extensions */ = {
			isa = PBXGroup;
			children = (
				07C1E93F28DA45F700EF28B8 /* URLRequest+Extensions.swift */,
				07C1E94128DCED8E00EF28B8 /* URL+Extension.swift */,
			);
			path = Extensions;
			sourceTree = "<group>";
		};
/* End PBXGroup section */

/* Begin PBXNativeTarget section */
		07C1E91E28DA414400EF28B8 /* GoodWeather */ = {
			isa = PBXNativeTarget;
			buildConfigurationList = 07C1E93328DA414600EF28B8 /* Build configuration list for PBXNativeTarget "GoodWeather" */;
			buildPhases = (
				07C1E91B28DA414400EF28B8 /* Sources */,
				07C1E91C28DA414400EF28B8 /* Frameworks */,
				07C1E91D28DA414400EF28B8 /* Resources */,
			);
			buildRules = (
			);
			dependencies = (
			);
			name = GoodWeather;
			packageProductDependencies = (
				07C1E93A28DA449D00EF28B8 /* RxCocoa */,
				07C1E93C28DA449D00EF28B8 /* RxSwift */,
			);
			productName = GoodWeather;
			productReference = 07C1E91F28DA414500EF28B8 /* GoodWeather.app */;
			productType = "com.apple.product-type.application";
		};
/* End PBXNativeTarget section */

/* Begin PBXProject section */
		07C1E91728DA414400EF28B8 /* Project object */ = {
			isa = PBXProject;
			attributes = {
				BuildIndependentTargetsInParallel = 1;
				LastSwiftUpdateCheck = 1340;
				LastUpgradeCheck = 1340;
				TargetAttributes = {
					07C1E91E28DA414400EF28B8 = {
						CreatedOnToolsVersion = 13.4.1;
					};
				};
			};
			buildConfigurationList = 07C1E91A28DA414400EF28B8 /* Build configuration list for PBXProject "GoodWeather" */;
			compatibilityVersion = "Xcode 13.0";
			developmentRegion = en;
			hasScannedForEncodings = 0;
			knownRegions = (
				en,
				Base,
			);
			mainGroup = 07C1E91628DA414400EF28B8;
			packageReferences = (
				07C1E93928DA449C00EF28B8 /* XCRemoteSwiftPackageReference "RxSwift" */,
			);
			productRefGroup = 07C1E92028DA414500EF28B8 /* Products */;
			projectDirPath = "";
			projectRoot = "";
			targets = (
				07C1E91E28DA414400EF28B8 /* GoodWeather */,
			);
		};
/* End PBXProject section */

/* Begin PBXResourcesBuildPhase section */
		07C1E91D28DA414400EF28B8 /* Resources */ = {
			isa = PBXResourcesBuildPhase;
			buildActionMask = 2147483647;
			files = (
				07C1E92F28DA414600EF28B8 /* LaunchScreen.storyboard in Resources */,
				07C1E92C28DA414600EF28B8 /* Assets.xcassets in Resources */,
				07C1E92A28DA414500EF28B8 /* Main.storyboard in Resources */,
			);
			runOnlyForDeploymentPostprocessing = 0;
		};
/* End PBXResourcesBuildPhase section */

/* Begin PBXSourcesBuildPhase section */
		07C1E91B28DA414400EF28B8 /* Sources */ = {
			isa = PBXSourcesBuildPhase;
			buildActionMask = 2147483647;
			files = (
				07C1E92728DA414500EF28B8 /* ViewController.swift in Sources */,
				07C1E93828DA43D100EF28B8 /* WeatherResult.swift in Sources */,
				07C1E92328DA414500EF28B8 /* AppDelegate.swift in Sources */,
				07C1E94028DA45F700EF28B8 /* URLRequest+Extensions.swift in Sources */,
				07C1E92528DA414500EF28B8 /* SceneDelegate.swift in Sources */,
				07C1E94228DCED8E00EF28B8 /* URL+Extension.swift in Sources */,
			);
			runOnlyForDeploymentPostprocessing = 0;
		};
/* End PBXSourcesBuildPhase section */

/* Begin PBXVariantGroup section */
		07C1E92828DA414500EF28B8 /* Main.storyboard */ = {
			isa = PBXVariantGroup;
			children = (
				07C1E92928DA414500EF28B8 /* Base */,
			);
			name = Main.storyboard;
			sourceTree = "<group>";
		};
		07C1E92D28DA414600EF28B8 /* LaunchScreen.storyboard */ = {
			isa = PBXVariantGroup;
			children = (
				07C1E92E28DA414600EF28B8 /* Base */,
			);
			name = LaunchScreen.storyboard;
			sourceTree = "<group>";
		};
/* End PBXVariantGroup section */

/* Begin XCBuildConfiguration section */
		07C1E93128DA414600EF28B8 /* Debug */ = {
			isa = XCBuildConfiguration;
			buildSettings = {
				ALWAYS_SEARCH_USER_PATHS = NO;
				CLANG_ANALYZER_NONNULL = YES;
				CLANG_ANALYZER_NUMBER_OBJECT_CONVERSION = YES_AGGRESSIVE;
				CLANG_CXX_LANGUAGE_STANDARD = "gnu++17";
				CLANG_ENABLE_MODULES = YES;
				CLANG_ENABLE_OBJC_ARC = YES;
				CLANG_ENABLE_OBJC_WEAK = YES;
				CLANG_WARN_BLOCK_CAPTURE_AUTORELEASING = YES;
				CLANG_WARN_BOOL_CONVERSION = YES;
				CLANG_WARN_COMMA = YES;
				CLANG_WARN_CONSTANT_CONVERSION = YES;
				CLANG_WARN_DEPRECATED_OBJC_IMPLEMENTATIONS = YES;
				CLANG_WARN_DIRECT_OBJC_ISA_USAGE = YES_ERROR;
				CLANG_WARN_DOCUMENTATION_COMMENTS = YES;
				CLANG_WARN_EMPTY_BODY = YES;
				CLANG_WARN_ENUM_CONVERSION = YES;
				CLANG_WARN_INFINITE_RECURSION = YES;
				CLANG_WARN_INT_CONVERSION = YES;
				CLANG_WARN_NON_LITERAL_NULL_CONVERSION = YES;
				CLANG_WARN_OBJC_IMPLICIT_RETAIN_SELF = YES;
				CLANG_WARN_OBJC_LITERAL_CONVERSION = YES;
				CLANG_WARN_OBJC_ROOT_CLASS = YES_ERROR;
				CLANG_WARN_QUOTED_INCLUDE_IN_FRAMEWORK_HEADER = YES;
				CLANG_WARN_RANGE_LOOP_ANALYSIS = YES;
				CLANG_WARN_STRICT_PROTOTYPES = YES;
				CLANG_WARN_SUSPICIOUS_MOVE = YES;
				CLANG_WARN_UNGUARDED_AVAILABILITY = YES_AGGRESSIVE;
				CLANG_WARN_UNREACHABLE_CODE = YES;
				CLANG_WARN__DUPLICATE_METHOD_MATCH = YES;
				COPY_PHASE_STRIP = NO;
				DEBUG_INFORMATION_FORMAT = dwarf;
				ENABLE_STRICT_OBJC_MSGSEND = YES;
				ENABLE_TESTABILITY = YES;
				GCC_C_LANGUAGE_STANDARD = gnu11;
				GCC_DYNAMIC_NO_PIC = NO;
				GCC_NO_COMMON_BLOCKS = YES;
				GCC_OPTIMIZATION_LEVEL = 0;
				GCC_PREPROCESSOR_DEFINITIONS = (
					"DEBUG=1",
					"$(inherited)",
				);
				GCC_WARN_64_TO_32_BIT_CONVERSION = YES;
				GCC_WARN_ABOUT_RETURN_TYPE = YES_ERROR;
				GCC_WARN_UNDECLARED_SELECTOR = YES;
				GCC_WARN_UNINITIALIZED_AUTOS = YES_AGGRESSIVE;
				GCC_WARN_UNUSED_FUNCTION = YES;
				GCC_WARN_UNUSED_VARIABLE = YES;
				IPHONEOS_DEPLOYMENT_TARGET = 15.5;
				MTL_ENABLE_DEBUG_INFO = INCLUDE_SOURCE;
				MTL_FAST_MATH = YES;
				ONLY_ACTIVE_ARCH = YES;
				SDKROOT = iphoneos;
				SWIFT_ACTIVE_COMPILATION_CONDITIONS = DEBUG;
				SWIFT_OPTIMIZATION_LEVEL = "-Onone";
			};
			name = Debug;
		};
		07C1E93228DA414600EF28B8 /* Release */ = {
			isa = XCBuildConfiguration;
			buildSettings = {
				ALWAYS_SEARCH_USER_PATHS = NO;
				CLANG_ANALYZER_NONNULL = YES;
				CLANG_ANALYZER_NUMBER_OBJECT_CONVERSION = YES_AGGRESSIVE;
				CLANG_CXX_LANGUAGE_STANDARD = "gnu++17";
				CLANG_ENABLE_MODULES = YES;
				CLANG_ENABLE_OBJC_ARC = YES;
				CLANG_ENABLE_OBJC_WEAK = YES;
				CLANG_WARN_BLOCK_CAPTURE_AUTORELEASING = YES;
				CLANG_WARN_BOOL_CONVERSION = YES;
				CLANG_WARN_COMMA = YES;
				CLANG_WARN_CONSTANT_CONVERSION = YES;
				CLANG_WARN_DEPRECATED_OBJC_IMPLEMENTATIONS = YES;
				CLANG_WARN_DIRECT_OBJC_ISA_USAGE = YES_ERROR;
				CLANG_WARN_DOCUMENTATION_COMMENTS = YES;
				CLANG_WARN_EMPTY_BODY = YES;
				CLANG_WARN_ENUM_CONVERSION = YES;
				CLANG_WARN_INFINITE_RECURSION = YES;
				CLANG_WARN_INT_CONVERSION = YES;
				CLANG_WARN_NON_LITERAL_NULL_CONVERSION = YES;
				CLANG_WARN_OBJC_IMPLICIT_RETAIN_SELF = YES;
				CLANG_WARN_OBJC_LITERAL_CONVERSION = YES;
				CLANG_WARN_OBJC_ROOT_CLASS = YES_ERROR;
				CLANG_WARN_QUOTED_INCLUDE_IN_FRAMEWORK_HEADER = YES;
				CLANG_WARN_RANGE_LOOP_ANALYSIS = YES;
				CLANG_WARN_STRICT_PROTOTYPES = YES;
				CLANG_WARN_SUSPICIOUS_MOVE = YES;
				CLANG_WARN_UNGUARDED_AVAILABILITY = YES_AGGRESSIVE;
				CLANG_WARN_UNREACHABLE_CODE = YES;
				CLANG_WARN__DUPLICATE_METHOD_MATCH = YES;
				COPY_PHASE_STRIP = NO;
				DEBUG_INFORMATION_FORMAT = "dwarf-with-dsym";
				ENABLE_NS_ASSERTIONS = NO;
				ENABLE_STRICT_OBJC_MSGSEND = YES;
				GCC_C_LANGUAGE_STANDARD = gnu11;
				GCC_NO_COMMON_BLOCKS = YES;
				GCC_WARN_64_TO_32_BIT_CONVERSION = YES;
				GCC_WARN_ABOUT_RETURN_TYPE = YES_ERROR;
				GCC_WARN_UNDECLARED_SELECTOR = YES;
				GCC_WARN_UNINITIALIZED_AUTOS = YES_AGGRESSIVE;
				GCC_WARN_UNUSED_FUNCTION = YES;
				GCC_WARN_UNUSED_VARIABLE = YES;
				IPHONEOS_DEPLOYMENT_TARGET = 15.5;
				MTL_ENABLE_DEBUG_INFO = NO;
				MTL_FAST_MATH = YES;
				SDKROOT = iphoneos;
				SWIFT_COMPILATION_MODE = wholemodule;
				SWIFT_OPTIMIZATION_LEVEL = "-O";
				VALIDATE_PRODUCT = YES;
			};
			name = Release;
		};
		07C1E93428DA414600EF28B8 /* Debug */ = {
			isa = XCBuildConfiguration;
			buildSettings = {
				ASSETCATALOG_COMPILER_APPICON_NAME = AppIcon;
				ASSETCATALOG_COMPILER_GLOBAL_ACCENT_COLOR_NAME = AccentColor;
				CODE_SIGN_STYLE = Automatic;
				CURRENT_PROJECT_VERSION = 1;
				GENERATE_INFOPLIST_FILE = YES;
				INFOPLIST_FILE = GoodWeather/Info.plist;
				INFOPLIST_KEY_UIApplicationSupportsIndirectInputEvents = YES;
				INFOPLIST_KEY_UILaunchStoryboardName = LaunchScreen;
				INFOPLIST_KEY_UIMainStoryboardFile = Main;
				INFOPLIST_KEY_UISupportedInterfaceOrientations_iPad = "UIInterfaceOrientationPortrait UIInterfaceOrientationPortraitUpsideDown UIInterfaceOrientationLandscapeLeft UIInterfaceOrientationLandscapeRight";
				INFOPLIST_KEY_UISupportedInterfaceOrientations_iPhone = "UIInterfaceOrientationPortrait UIInterfaceOrientationLandscapeLeft UIInterfaceOrientationLandscapeRight";
				LD_RUNPATH_SEARCH_PATHS = (
					"$(inherited)",
					"@executable_path/Frameworks",
				);
				MARKETING_VERSION = 1.0;
				PRODUCT_BUNDLE_IDENTIFIER = OurTrees.GoodWeather;
				PRODUCT_NAME = "$(TARGET_NAME)";
				SWIFT_EMIT_LOC_STRINGS = YES;
				SWIFT_VERSION = 5.0;
				TARGETED_DEVICE_FAMILY = "1,2";
			};
			name = Debug;
		};
		07C1E93528DA414600EF28B8 /* Release */ = {
			isa = XCBuildConfiguration;
			buildSettings = {
				ASSETCATALOG_COMPILER_APPICON_NAME = AppIcon;
				ASSETCATALOG_COMPILER_GLOBAL_ACCENT_COLOR_NAME = AccentColor;
				CODE_SIGN_STYLE = Automatic;
				CURRENT_PROJECT_VERSION = 1;
				GENERATE_INFOPLIST_FILE = YES;
				INFOPLIST_FILE = GoodWeather/Info.plist;
				INFOPLIST_KEY_UIApplicationSupportsIndirectInputEvents = YES;
				INFOPLIST_KEY_UILaunchStoryboardName = LaunchScreen;
				INFOPLIST_KEY_UIMainStoryboardFile = Main;
				INFOPLIST_KEY_UISupportedInterfaceOrientations_iPad = "UIInterfaceOrientationPortrait UIInterfaceOrientationPortraitUpsideDown UIInterfaceOrientationLandscapeLeft UIInterfaceOrientationLandscapeRight";
				INFOPLIST_KEY_UISupportedInterfaceOrientations_iPhone = "UIInterfaceOrientationPortrait UIInterfaceOrientationLandscapeLeft UIInterfaceOrientationLandscapeRight";
				LD_RUNPATH_SEARCH_PATHS = (
					"$(inherited)",
					"@executable_path/Frameworks",
				);
				MARKETING_VERSION = 1.0;
				PRODUCT_BUNDLE_IDENTIFIER = OurTrees.GoodWeather;
				PRODUCT_NAME = "$(TARGET_NAME)";
				SWIFT_EMIT_LOC_STRINGS = YES;
				SWIFT_VERSION = 5.0;
				TARGETED_DEVICE_FAMILY = "1,2";
			};
			name = Release;
		};
/* End XCBuildConfiguration section */

/* Begin XCConfigurationList section */
		07C1E91A28DA414400EF28B8 /* Build configuration list for PBXProject "GoodWeather" */ = {
			isa = XCConfigurationList;
			buildConfigurations = (
				07C1E93128DA414600EF28B8 /* Debug */,
				07C1E93228DA414600EF28B8 /* Release */,
			);
			defaultConfigurationIsVisible = 0;
			defaultConfigurationName = Release;
		};
		07C1E93328DA414600EF28B8 /* Build configuration list for PBXNativeTarget "GoodWeather" */ = {
			isa = XCConfigurationList;
			buildConfigurations = (
				07C1E93428DA414600EF28B8 /* Debug */,
				07C1E93528DA414600EF28B8 /* Release */,
			);
			defaultConfigurationIsVisible = 0;
			defaultConfigurationName = Release;
		};
/* End XCConfigurationList section */

/* Begin XCRemoteSwiftPackageReference section */
		07C1E93928DA449C00EF28B8 /* XCRemoteSwiftPackageReference "RxSwift" */ = {
			isa = XCRemoteSwiftPackageReference;
			repositoryURL = "https://github.com/ReactiveX/RxSwift.git";
			requirement = {
				branch = main;
				kind = branch;
			};
		};
/* End XCRemoteSwiftPackageReference section */

/* Begin XCSwiftPackageProductDependency section */
		07C1E93A28DA449D00EF28B8 /* RxCocoa */ = {
			isa = XCSwiftPackageProductDependency;
			package = 07C1E93928DA449C00EF28B8 /* XCRemoteSwiftPackageReference "RxSwift" */;
			productName = RxCocoa;
		};
		07C1E93C28DA449D00EF28B8 /* RxSwift */ = {
			isa = XCSwiftPackageProductDependency;
			package = 07C1E93928DA449C00EF28B8 /* XCRemoteSwiftPackageReference "RxSwift" */;
			productName = RxSwift;
		};
/* End XCSwiftPackageProductDependency section */
	};
	rootObject = 07C1E91728DA414400EF28B8 /* Project object */;
}
